// !$*UTF8*$!
{
	archiveVersion = 1;
	classes = {
	};
	objectVersion = 56;
	objects = {

/* Begin PBXBuildFile section */
		382E245FE95D64A8EA4D21DF /* Pods_SwiftUI_CafeApp.framework in Frameworks */ = {isa = PBXBuildFile; fileRef = 7FCF03DF0473C7D690B4CC2D /* Pods_SwiftUI_CafeApp.framework */; };
		DB8CB18F298DEE7500D283A4 /* MyWebView.swift in Sources */ = {isa = PBXBuildFile; fileRef = DB8CB18E298DEE7500D283A4 /* MyWebView.swift */; };
		DB92E8A22984C84C00D3FE14 /* SwiftUI_CafeAppApp.swift in Sources */ = {isa = PBXBuildFile; fileRef = DB92E8A12984C84C00D3FE14 /* SwiftUI_CafeAppApp.swift */; };
		DB92E8A42984C84C00D3FE14 /* ContentView.swift in Sources */ = {isa = PBXBuildFile; fileRef = DB92E8A32984C84C00D3FE14 /* ContentView.swift */; };
		DB92E8A62984C84D00D3FE14 /* Assets.xcassets in Resources */ = {isa = PBXBuildFile; fileRef = DB92E8A52984C84D00D3FE14 /* Assets.xcassets */; };
		DB92E8A92984C84D00D3FE14 /* Preview Assets.xcassets in Resources */ = {isa = PBXBuildFile; fileRef = DB92E8A82984C84D00D3FE14 /* Preview Assets.xcassets */; };
		DB92E8B02984CCB900D3FE14 /* Launch Screen.storyboard in Resources */ = {isa = PBXBuildFile; fileRef = DB92E8AF2984CCB900D3FE14 /* Launch Screen.storyboard */; };
		DB94F7AD298503F600332E89 /* Menu1View.swift in Sources */ = {isa = PBXBuildFile; fileRef = DB94F7AC298503F600332E89 /* Menu1View.swift */; };
		DB94F7AF298504A100332E89 /* Menu2View.swift in Sources */ = {isa = PBXBuildFile; fileRef = DB94F7AE298504A100332E89 /* Menu2View.swift */; };
		DB94F7B1298504B000332E89 /* Menu3View.swift in Sources */ = {isa = PBXBuildFile; fileRef = DB94F7B0298504B000332E89 /* Menu3View.swift */; };
		DB94F7B3298504BD00332E89 /* Menu4View.swift in Sources */ = {isa = PBXBuildFile; fileRef = DB94F7B2298504BD00332E89 /* Menu4View.swift */; };
		DB94F7B5298504CA00332E89 /* Menu5View.swift in Sources */ = {isa = PBXBuildFile; fileRef = DB94F7B4298504CA00332E89 /* Menu5View.swift */; };
/* End PBXBuildFile section */

/* Begin PBXFileReference section */
		7390BD977F10DBAD6D5B6348 /* Pods-SwiftUI_CafeApp.release.xcconfig */ = {isa = PBXFileReference; includeInIndex = 1; lastKnownFileType = text.xcconfig; name = "Pods-SwiftUI_CafeApp.release.xcconfig"; path = "Target Support Files/Pods-SwiftUI_CafeApp/Pods-SwiftUI_CafeApp.release.xcconfig"; sourceTree = "<group>"; };
		766B73EB6622987AB8CEADFB /* Pods-SwiftUI_CafeApp.debug.xcconfig */ = {isa = PBXFileReference; includeInIndex = 1; lastKnownFileType = text.xcconfig; name = "Pods-SwiftUI_CafeApp.debug.xcconfig"; path = "Target Support Files/Pods-SwiftUI_CafeApp/Pods-SwiftUI_CafeApp.debug.xcconfig"; sourceTree = "<group>"; };
		7FCF03DF0473C7D690B4CC2D /* Pods_SwiftUI_CafeApp.framework */ = {isa = PBXFileReference; explicitFileType = wrapper.framework; includeInIndex = 0; path = Pods_SwiftUI_CafeApp.framework; sourceTree = BUILT_PRODUCTS_DIR; };
		DB8CB18E298DEE7500D283A4 /* MyWebView.swift */ = {isa = PBXFileReference; lastKnownFileType = sourcecode.swift; path = MyWebView.swift; sourceTree = "<group>"; };
		DB92E89E2984C84C00D3FE14 /* SwiftUI_CafeApp.app */ = {isa = PBXFileReference; explicitFileType = wrapper.application; includeInIndex = 0; path = SwiftUI_CafeApp.app; sourceTree = BUILT_PRODUCTS_DIR; };
		DB92E8A12984C84C00D3FE14 /* SwiftUI_CafeAppApp.swift */ = {isa = PBXFileReference; lastKnownFileType = sourcecode.swift; path = SwiftUI_CafeAppApp.swift; sourceTree = "<group>"; };
		DB92E8A32984C84C00D3FE14 /* ContentView.swift */ = {isa = PBXFileReference; lastKnownFileType = sourcecode.swift; path = ContentView.swift; sourceTree = "<group>"; };
		DB92E8A52984C84D00D3FE14 /* Assets.xcassets */ = {isa = PBXFileReference; lastKnownFileType = folder.assetcatalog; path = Assets.xcassets; sourceTree = "<group>"; };
		DB92E8A82984C84D00D3FE14 /* Preview Assets.xcassets */ = {isa = PBXFileReference; lastKnownFileType = folder.assetcatalog; path = "Preview Assets.xcassets"; sourceTree = "<group>"; };
		DB92E8AF2984CCB900D3FE14 /* Launch Screen.storyboard */ = {isa = PBXFileReference; lastKnownFileType = file.storyboard; path = "Launch Screen.storyboard"; sourceTree = "<group>"; };
		DB94F7AC298503F600332E89 /* Menu1View.swift */ = {isa = PBXFileReference; lastKnownFileType = sourcecode.swift; path = Menu1View.swift; sourceTree = "<group>"; };
		DB94F7AE298504A100332E89 /* Menu2View.swift */ = {isa = PBXFileReference; lastKnownFileType = sourcecode.swift; path = Menu2View.swift; sourceTree = "<group>"; };
		DB94F7B0298504B000332E89 /* Menu3View.swift */ = {isa = PBXFileReference; lastKnownFileType = sourcecode.swift; path = Menu3View.swift; sourceTree = "<group>"; };
		DB94F7B2298504BD00332E89 /* Menu4View.swift */ = {isa = PBXFileReference; lastKnownFileType = sourcecode.swift; path = Menu4View.swift; sourceTree = "<group>"; };
		DB94F7B4298504CA00332E89 /* Menu5View.swift */ = {isa = PBXFileReference; lastKnownFileType = sourcecode.swift; path = Menu5View.swift; sourceTree = "<group>"; };
		DB94F7B62985086700332E89 /* SwiftUI-CafeApp-Info.plist */ = {isa = PBXFileReference; lastKnownFileType = text.plist; path = "SwiftUI-CafeApp-Info.plist"; sourceTree = SOURCE_ROOT; };
/* End PBXFileReference section */

/* Begin PBXFrameworksBuildPhase section */
		DB92E89B2984C84C00D3FE14 /* Frameworks */ = {
			isa = PBXFrameworksBuildPhase;
			buildActionMask = 2147483647;
			files = (
				382E245FE95D64A8EA4D21DF /* Pods_SwiftUI_CafeApp.framework in Frameworks */,
			);
			runOnlyForDeploymentPostprocessing = 0;
		};
/* End PBXFrameworksBuildPhase section */

/* Begin PBXGroup section */
		D033BF642DC56AF32BE31925 /* Pods */ = {
			isa = PBXGroup;
			children = (
				766B73EB6622987AB8CEADFB /* Pods-SwiftUI_CafeApp.debug.xcconfig */,
				7390BD977F10DBAD6D5B6348 /* Pods-SwiftUI_CafeApp.release.xcconfig */,
			);
			path = Pods;
			sourceTree = "<group>";
		};
		DB92E8952984C84C00D3FE14 = {
			isa = PBXGroup;
			children = (
				DB92E8A02984C84C00D3FE14 /* SwiftUI_CafeApp */,
				DB92E89F2984C84C00D3FE14 /* Products */,
				D033BF642DC56AF32BE31925 /* Pods */,
				E6FD9D3EDFD6E32EA4275929 /* Frameworks */,
			);
			sourceTree = "<group>";
		};
		DB92E89F2984C84C00D3FE14 /* Products */ = {
			isa = PBXGroup;
			children = (
				DB92E89E2984C84C00D3FE14 /* SwiftUI_CafeApp.app */,
			);
			name = Products;
			sourceTree = "<group>";
		};
		DB92E8A02984C84C00D3FE14 /* SwiftUI_CafeApp */ = {
			isa = PBXGroup;
			children = (
				DB94F7B62985086700332E89 /* SwiftUI-CafeApp-Info.plist */,
				DB92E8A12984C84C00D3FE14 /* SwiftUI_CafeAppApp.swift */,
				DB92E8A32984C84C00D3FE14 /* ContentView.swift */,
				DB8CB18E298DEE7500D283A4 /* MyWebView.swift */,
				DB94F7AC298503F600332E89 /* Menu1View.swift */,
				DB94F7AE298504A100332E89 /* Menu2View.swift */,
				DB94F7B0298504B000332E89 /* Menu3View.swift */,
				DB94F7B2298504BD00332E89 /* Menu4View.swift */,
				DB94F7B4298504CA00332E89 /* Menu5View.swift */,
				DB92E8AF2984CCB900D3FE14 /* Launch Screen.storyboard */,
				DB92E8A52984C84D00D3FE14 /* Assets.xcassets */,
				DB92E8A72984C84D00D3FE14 /* Preview Content */,
			);
			path = SwiftUI_CafeApp;
			sourceTree = "<group>";
		};
		DB92E8A72984C84D00D3FE14 /* Preview Content */ = {
			isa = PBXGroup;
			children = (
				DB92E8A82984C84D00D3FE14 /* Preview Assets.xcassets */,
			);
			path = "Preview Content";
			sourceTree = "<group>";
		};
		E6FD9D3EDFD6E32EA4275929 /* Frameworks */ = {
			isa = PBXGroup;
			children = (
				7FCF03DF0473C7D690B4CC2D /* Pods_SwiftUI_CafeApp.framework */,
			);
			name = Frameworks;
			sourceTree = "<group>";
		};
/* End PBXGroup section */

/* Begin PBXNativeTarget section */
		DB92E89D2984C84C00D3FE14 /* SwiftUI_CafeApp */ = {
			isa = PBXNativeTarget;
			buildConfigurationList = DB92E8AC2984C84D00D3FE14 /* Build configuration list for PBXNativeTarget "SwiftUI_CafeApp" */;
			buildPhases = (
				8D84447572D42682DE4DB475 /* [CP] Check Pods Manifest.lock */,
				DB92E89A2984C84C00D3FE14 /* Sources */,
				DB92E89B2984C84C00D3FE14 /* Frameworks */,
				DB92E89C2984C84C00D3FE14 /* Resources */,
				A13446DAAB5AF8B9B514B263 /* [CP] Embed Pods Frameworks */,
			);
			buildRules = (
			);
			dependencies = (
			);
			name = SwiftUI_CafeApp;
			productName = SwiftUI_CafeApp;
			productReference = DB92E89E2984C84C00D3FE14 /* SwiftUI_CafeApp.app */;
			productType = "com.apple.product-type.application";
		};
/* End PBXNativeTarget section */

/* Begin PBXProject section */
		DB92E8962984C84C00D3FE14 /* Project object */ = {
			isa = PBXProject;
			attributes = {
				BuildIndependentTargetsInParallel = 1;
				LastSwiftUpdateCheck = 1420;
				LastUpgradeCheck = 1420;
				TargetAttributes = {
					DB92E89D2984C84C00D3FE14 = {
						CreatedOnToolsVersion = 14.2;
					};
				};
			};
			buildConfigurationList = DB92E8992984C84C00D3FE14 /* Build configuration list for PBXProject "SwiftUI_CafeApp" */;
			compatibilityVersion = "Xcode 14.0";
			developmentRegion = en;
			hasScannedForEncodings = 0;
			knownRegions = (
				en,
				Base,
			);
			mainGroup = DB92E8952984C84C00D3FE14;
			productRefGroup = DB92E89F2984C84C00D3FE14 /* Products */;
			projectDirPath = "";
			projectRoot = "";
			targets = (
				DB92E89D2984C84C00D3FE14 /* SwiftUI_CafeApp */,
			);
		};
/* End PBXProject section */

/* Begin PBXResourcesBuildPhase section */
		DB92E89C2984C84C00D3FE14 /* Resources */ = {
			isa = PBXResourcesBuildPhase;
			buildActionMask = 2147483647;
			files = (
				DB92E8B02984CCB900D3FE14 /* Launch Screen.storyboard in Resources */,
				DB92E8A92984C84D00D3FE14 /* Preview Assets.xcassets in Resources */,
				DB92E8A62984C84D00D3FE14 /* Assets.xcassets in Resources */,
			);
			runOnlyForDeploymentPostprocessing = 0;
		};
/* End PBXResourcesBuildPhase section */

/* Begin PBXShellScriptBuildPhase section */
		8D84447572D42682DE4DB475 /* [CP] Check Pods Manifest.lock */ = {
			isa = PBXShellScriptBuildPhase;
			buildActionMask = 2147483647;
			files = (
			);
			inputFileListPaths = (
			);
			inputPaths = (
				"${PODS_PODFILE_DIR_PATH}/Podfile.lock",
				"${PODS_ROOT}/Manifest.lock",
			);
			name = "[CP] Check Pods Manifest.lock";
			outputFileListPaths = (
			);
			outputPaths = (
				"$(DERIVED_FILE_DIR)/Pods-SwiftUI_CafeApp-checkManifestLockResult.txt",
			);
			runOnlyForDeploymentPostprocessing = 0;
			shellPath = /bin/sh;
			shellScript = "diff \"${PODS_PODFILE_DIR_PATH}/Podfile.lock\" \"${PODS_ROOT}/Manifest.lock\" > /dev/null\nif [ $? != 0 ] ; then\n    # print error to STDERR\n    echo \"error: The sandbox is not in sync with the Podfile.lock. Run 'pod install' or update your CocoaPods installation.\" >&2\n    exit 1\nfi\n# This output is used by Xcode 'outputs' to avoid re-running this script phase.\necho \"SUCCESS\" > \"${SCRIPT_OUTPUT_FILE_0}\"\n";
			showEnvVarsInLog = 0;
		};
		A13446DAAB5AF8B9B514B263 /* [CP] Embed Pods Frameworks */ = {
			isa = PBXShellScriptBuildPhase;
			buildActionMask = 2147483647;
			files = (
			);
			inputFileListPaths = (
				"${PODS_ROOT}/Target Support Files/Pods-SwiftUI_CafeApp/Pods-SwiftUI_CafeApp-frameworks-${CONFIGURATION}-input-files.xcfilelist",
			);
			name = "[CP] Embed Pods Frameworks";
			outputFileListPaths = (
				"${PODS_ROOT}/Target Support Files/Pods-SwiftUI_CafeApp/Pods-SwiftUI_CafeApp-frameworks-${CONFIGURATION}-output-files.xcfilelist",
			);
			runOnlyForDeploymentPostprocessing = 0;
			shellPath = /bin/sh;
			shellScript = "\"${PODS_ROOT}/Target Support Files/Pods-SwiftUI_CafeApp/Pods-SwiftUI_CafeApp-frameworks.sh\"\n";
			showEnvVarsInLog = 0;
		};
/* End PBXShellScriptBuildPhase section */

/* Begin PBXSourcesBuildPhase section */
		DB92E89A2984C84C00D3FE14 /* Sources */ = {
			isa = PBXSourcesBuildPhase;
			buildActionMask = 2147483647;
			files = (
				DB94F7B3298504BD00332E89 /* Menu4View.swift in Sources */,
				DB8CB18F298DEE7500D283A4 /* MyWebView.swift in Sources */,
				DB94F7AF298504A100332E89 /* Menu2View.swift in Sources */,
				DB92E8A42984C84C00D3FE14 /* ContentView.swift in Sources */,
				DB94F7AD298503F600332E89 /* Menu1View.swift in Sources */,
				DB94F7B5298504CA00332E89 /* Menu5View.swift in Sources */,
				DB92E8A22984C84C00D3FE14 /* SwiftUI_CafeAppApp.swift in Sources */,
				DB94F7B1298504B000332E89 /* Menu3View.swift in Sources */,
			);
			runOnlyForDeploymentPostprocessing = 0;
		};
/* End PBXSourcesBuildPhase section */

/* Begin XCBuildConfiguration section */
		DB92E8AA2984C84D00D3FE14 /* Debug */ = {
			isa = XCBuildConfiguration;
			buildSettings = {
				ALWAYS_SEARCH_USER_PATHS = NO;
				CLANG_ANALYZER_NONNULL = YES;
				CLANG_ANALYZER_NUMBER_OBJECT_CONVERSION = YES_AGGRESSIVE;
				CLANG_CXX_LANGUAGE_STANDARD = "gnu++20";
				CLANG_ENABLE_MODULES = YES;
				CLANG_ENABLE_OBJC_ARC = YES;
				CLANG_ENABLE_OBJC_WEAK = YES;
				CLANG_WARN_BLOCK_CAPTURE_AUTORELEASING = YES;
				CLANG_WARN_BOOL_CONVERSION = YES;
				CLANG_WARN_COMMA = YES;
				CLANG_WARN_CONSTANT_CONVERSION = YES;
				CLANG_WARN_DEPRECATED_OBJC_IMPLEMENTATIONS = YES;
				CLANG_WARN_DIRECT_OBJC_ISA_USAGE = YES_ERROR;
				CLANG_WARN_DOCUMENTATION_COMMENTS = YES;
				CLANG_WARN_EMPTY_BODY = YES;
				CLANG_WARN_ENUM_CONVERSION = YES;
				CLANG_WARN_INFINITE_RECURSION = YES;
				CLANG_WARN_INT_CONVERSION = YES;
				CLANG_WARN_NON_LITERAL_NULL_CONVERSION = YES;
				CLANG_WARN_OBJC_IMPLICIT_RETAIN_SELF = YES;
				CLANG_WARN_OBJC_LITERAL_CONVERSION = YES;
				CLANG_WARN_OBJC_ROOT_CLASS = YES_ERROR;
				CLANG_WARN_QUOTED_INCLUDE_IN_FRAMEWORK_HEADER = YES;
				CLANG_WARN_RANGE_LOOP_ANALYSIS = YES;
				CLANG_WARN_STRICT_PROTOTYPES = YES;
				CLANG_WARN_SUSPICIOUS_MOVE = YES;
				CLANG_WARN_UNGUARDED_AVAILABILITY = YES_AGGRESSIVE;
				CLANG_WARN_UNREACHABLE_CODE = YES;
				CLANG_WARN__DUPLICATE_METHOD_MATCH = YES;
				COPY_PHASE_STRIP = NO;
				DEBUG_INFORMATION_FORMAT = dwarf;
				ENABLE_STRICT_OBJC_MSGSEND = YES;
				ENABLE_TESTABILITY = YES;
				GCC_C_LANGUAGE_STANDARD = gnu11;
				GCC_DYNAMIC_NO_PIC = NO;
				GCC_NO_COMMON_BLOCKS = YES;
				GCC_OPTIMIZATION_LEVEL = 0;
				GCC_PREPROCESSOR_DEFINITIONS = (
					"DEBUG=1",
					"$(inherited)",
				);
				GCC_WARN_64_TO_32_BIT_CONVERSION = YES;
				GCC_WARN_ABOUT_RETURN_TYPE = YES_ERROR;
				GCC_WARN_UNDECLARED_SELECTOR = YES;
				GCC_WARN_UNINITIALIZED_AUTOS = YES_AGGRESSIVE;
				GCC_WARN_UNUSED_FUNCTION = YES;
				GCC_WARN_UNUSED_VARIABLE = YES;
				IPHONEOS_DEPLOYMENT_TARGET = 16.2;
				MTL_ENABLE_DEBUG_INFO = INCLUDE_SOURCE;
				MTL_FAST_MATH = YES;
				ONLY_ACTIVE_ARCH = YES;
				SDKROOT = iphoneos;
				SWIFT_ACTIVE_COMPILATION_CONDITIONS = DEBUG;
				SWIFT_OPTIMIZATION_LEVEL = "-Onone";
			};
			name = Debug;
		};
		DB92E8AB2984C84D00D3FE14 /* Release */ = {
			isa = XCBuildConfiguration;
			buildSettings = {
				ALWAYS_SEARCH_USER_PATHS = NO;
				CLANG_ANALYZER_NONNULL = YES;
				CLANG_ANALYZER_NUMBER_OBJECT_CONVERSION = YES_AGGRESSIVE;
				CLANG_CXX_LANGUAGE_STANDARD = "gnu++20";
				CLANG_ENABLE_MODULES = YES;
				CLANG_ENABLE_OBJC_ARC = YES;
				CLANG_ENABLE_OBJC_WEAK = YES;
				CLANG_WARN_BLOCK_CAPTURE_AUTORELEASING = YES;
				CLANG_WARN_BOOL_CONVERSION = YES;
				CLANG_WARN_COMMA = YES;
				CLANG_WARN_CONSTANT_CONVERSION = YES;
				CLANG_WARN_DEPRECATED_OBJC_IMPLEMENTATIONS = YES;
				CLANG_WARN_DIRECT_OBJC_ISA_USAGE = YES_ERROR;
				CLANG_WARN_DOCUMENTATION_COMMENTS = YES;
				CLANG_WARN_EMPTY_BODY = YES;
				CLANG_WARN_ENUM_CONVERSION = YES;
				CLANG_WARN_INFINITE_RECURSION = YES;
				CLANG_WARN_INT_CONVERSION = YES;
				CLANG_WARN_NON_LITERAL_NULL_CONVERSION = YES;
				CLANG_WARN_OBJC_IMPLICIT_RETAIN_SELF = YES;
				CLANG_WARN_OBJC_LITERAL_CONVERSION = YES;
				CLANG_WARN_OBJC_ROOT_CLASS = YES_ERROR;
				CLANG_WARN_QUOTED_INCLUDE_IN_FRAMEWORK_HEADER = YES;
				CLANG_WARN_RANGE_LOOP_ANALYSIS = YES;
				CLANG_WARN_STRICT_PROTOTYPES = YES;
				CLANG_WARN_SUSPICIOUS_MOVE = YES;
				CLANG_WARN_UNGUARDED_AVAILABILITY = YES_AGGRESSIVE;
				CLANG_WARN_UNREACHABLE_CODE = YES;
				CLANG_WARN__DUPLICATE_METHOD_MATCH = YES;
				COPY_PHASE_STRIP = NO;
				DEBUG_INFORMATION_FORMAT = "dwarf-with-dsym";
				ENABLE_NS_ASSERTIONS = NO;
				ENABLE_STRICT_OBJC_MSGSEND = YES;
				GCC_C_LANGUAGE_STANDARD = gnu11;
				GCC_NO_COMMON_BLOCKS = YES;
				GCC_WARN_64_TO_32_BIT_CONVERSION = YES;
				GCC_WARN_ABOUT_RETURN_TYPE = YES_ERROR;
				GCC_WARN_UNDECLARED_SELECTOR = YES;
				GCC_WARN_UNINITIALIZED_AUTOS = YES_AGGRESSIVE;
				GCC_WARN_UNUSED_FUNCTION = YES;
				GCC_WARN_UNUSED_VARIABLE = YES;
				IPHONEOS_DEPLOYMENT_TARGET = 16.2;
				MTL_ENABLE_DEBUG_INFO = NO;
				MTL_FAST_MATH = YES;
				SDKROOT = iphoneos;
				SWIFT_COMPILATION_MODE = wholemodule;
				SWIFT_OPTIMIZATION_LEVEL = "-O";
				VALIDATE_PRODUCT = YES;
			};
			name = Release;
		};
		DB92E8AD2984C84D00D3FE14 /* Debug */ = {
			isa = XCBuildConfiguration;
			baseConfigurationReference = 766B73EB6622987AB8CEADFB /* Pods-SwiftUI_CafeApp.debug.xcconfig */;
			buildSettings = {
				ASSETCATALOG_COMPILER_APPICON_NAME = AppIcon;
				ASSETCATALOG_COMPILER_GLOBAL_ACCENT_COLOR_NAME = AccentColor;
				CODE_SIGN_STYLE = Automatic;
				CURRENT_PROJECT_VERSION = 1;
				DEVELOPMENT_ASSET_PATHS = "\"SwiftUI_CafeApp/Preview Content\"";
				ENABLE_PREVIEWS = YES;
				GENERATE_INFOPLIST_FILE = YES;
				INFOPLIST_FILE = "SwiftUI-CafeApp-Info.plist";
				INFOPLIST_KEY_CFBundleDisplayName = "카페앱";
				INFOPLIST_KEY_UIApplicationSceneManifest_Generation = YES;
				INFOPLIST_KEY_UIApplicationSupportsIndirectInputEvents = YES;
				INFOPLIST_KEY_UILaunchScreen_Generation = YES;
				INFOPLIST_KEY_UILaunchStoryboardName = "Launch Screen.storyboard";
				INFOPLIST_KEY_UIStatusBarHidden = NO;
				INFOPLIST_KEY_UISupportedInterfaceOrientations = UIInterfaceOrientationPortrait;
				INFOPLIST_KEY_UISupportedInterfaceOrientations_iPad = "UIInterfaceOrientationLandscapeLeft UIInterfaceOrientationLandscapeRight UIInterfaceOrientationPortrait UIInterfaceOrientationPortraitUpsideDown";
				IPHONEOS_DEPLOYMENT_TARGET = 15.0;
				LD_RUNPATH_SEARCH_PATHS = (
					"$(inherited)",
					"@executable_path/Frameworks",
				);
				MARKETING_VERSION = 1.0;
				PRODUCT_BUNDLE_IDENTIFIER = "angwoo.SwiftUI-CafeApp";
				PRODUCT_NAME = "$(TARGET_NAME)";
				SUPPORTED_PLATFORMS = "iphoneos iphonesimulator";
				SUPPORTS_MACCATALYST = NO;
				SUPPORTS_MAC_DESIGNED_FOR_IPHONE_IPAD = NO;
				SWIFT_EMIT_LOC_STRINGS = YES;
				SWIFT_VERSION = 5.0;
				TARGETED_DEVICE_FAMILY = 1;
			};
			name = Debug;
		};
		DB92E8AE2984C84D00D3FE14 /* Release */ = {
			isa = XCBuildConfiguration;
			baseConfigurationReference = 7390BD977F10DBAD6D5B6348 /* Pods-SwiftUI_CafeApp.release.xcconfig */;
			buildSettings = {
				ASSETCATALOG_COMPILER_APPICON_NAME = AppIcon;
				ASSETCATALOG_COMPILER_GLOBAL_ACCENT_COLOR_NAME = AccentColor;
				CODE_SIGN_STYLE = Automatic;
				CURRENT_PROJECT_VERSION = 1;
				DEVELOPMENT_ASSET_PATHS = "\"SwiftUI_CafeApp/Preview Content\"";
				ENABLE_PREVIEWS = YES;
				GENERATE_INFOPLIST_FILE = YES;
				INFOPLIST_FILE = "SwiftUI-CafeApp-Info.plist";
				INFOPLIST_KEY_CFBundleDisplayName = "카페앱";
				INFOPLIST_KEY_UIApplicationSceneManifest_Generation = YES;
				INFOPLIST_KEY_UIApplicationSupportsIndirectInputEvents = YES;
				INFOPLIST_KEY_UILaunchScreen_Generation = YES;
				INFOPLIST_KEY_UILaunchStoryboardName = "Launch Screen.storyboard";
				INFOPLIST_KEY_UIStatusBarHidden = NO;
				INFOPLIST_KEY_UISupportedInterfaceOrientations = UIInterfaceOrientationPortrait;
				INFOPLIST_KEY_UISupportedInterfaceOrientations_iPad = "UIInterfaceOrientationLandscapeLeft UIInterfaceOrientationLandscapeRight UIInterfaceOrientationPortrait UIInterfaceOrientationPortraitUpsideDown";
				IPHONEOS_DEPLOYMENT_TARGET = 15.0;
				LD_RUNPATH_SEARCH_PATHS = (
					"$(inherited)",
					"@executable_path/Frameworks",
				);
				MARKETING_VERSION = 1.0;
				PRODUCT_BUNDLE_IDENTIFIER = "angwoo.SwiftUI-CafeApp";
				PRODUCT_NAME = "$(TARGET_NAME)";
				SUPPORTED_PLATFORMS = "iphoneos iphonesimulator";
				SUPPORTS_MACCATALYST = NO;
				SUPPORTS_MAC_DESIGNED_FOR_IPHONE_IPAD = NO;
				SWIFT_EMIT_LOC_STRINGS = YES;
				SWIFT_VERSION = 5.0;
				TARGETED_DEVICE_FAMILY = 1;
			};
			name = Release;
		};
/* End XCBuildConfiguration section */

/* Begin XCConfigurationList section */
		DB92E8992984C84C00D3FE14 /* Build configuration list for PBXProject "SwiftUI_CafeApp" */ = {
			isa = XCConfigurationList;
			buildConfigurations = (
				DB92E8AA2984C84D00D3FE14 /* Debug */,
				DB92E8AB2984C84D00D3FE14 /* Release */,
			);
			defaultConfigurationIsVisible = 0;
			defaultConfigurationName = Release;
		};
		DB92E8AC2984C84D00D3FE14 /* Build configuration list for PBXNativeTarget "SwiftUI_CafeApp" */ = {
			isa = XCConfigurationList;
			buildConfigurations = (
				DB92E8AD2984C84D00D3FE14 /* Debug */,
				DB92E8AE2984C84D00D3FE14 /* Release */,
			);
			defaultConfigurationIsVisible = 0;
			defaultConfigurationName = Release;
		};
/* End XCConfigurationList section */
	};
	rootObject = DB92E8962984C84C00D3FE14 /* Project object */;
}
