// !$*UTF8*$!
{
	archiveVersion = 1;
	classes = {
	};
	objectVersion = 56;
	objects = {

/* Begin PBXBuildFile section */
		DB5BB2992960199900F0CE1A /* Ex03_TextApp.swift in Sources */ = {isa = PBXBuildFile; fileRef = DB5BB2982960199900F0CE1A /* Ex03_TextApp.swift */; };
		DB5BB29B2960199900F0CE1A /* ContentView.swift in Sources */ = {isa = PBXBuildFile; fileRef = DB5BB29A2960199900F0CE1A /* ContentView.swift */; };
		DB5BB29D2960199A00F0CE1A /* Assets.xcassets in Resources */ = {isa = PBXBuildFile; fileRef = DB5BB29C2960199A00F0CE1A /* Assets.xcassets */; };
		DB5BB2A02960199A00F0CE1A /* Preview Assets.xcassets in Resources */ = {isa = PBXBuildFile; fileRef = DB5BB29F2960199A00F0CE1A /* Preview Assets.xcassets */; };
		DB5BB2A829601F5500F0CE1A /* DalseoDarling.otf in Resources */ = {isa = PBXBuildFile; fileRef = DB5BB2A729601F5500F0CE1A /* DalseoDarling.otf */; };
		DB5BB2AD296024BC00F0CE1A /* CookieRun Regular.otf in Resources */ = {isa = PBXBuildFile; fileRef = DB5BB2AC296024BC00F0CE1A /* CookieRun Regular.otf */; };
/* End PBXBuildFile section */

/* Begin PBXFileReference section */
		DB5BB2952960199900F0CE1A /* Ex03_Text.app */ = {isa = PBXFileReference; explicitFileType = wrapper.application; includeInIndex = 0; path = Ex03_Text.app; sourceTree = BUILT_PRODUCTS_DIR; };
		DB5BB2982960199900F0CE1A /* Ex03_TextApp.swift */ = {isa = PBXFileReference; lastKnownFileType = sourcecode.swift; path = Ex03_TextApp.swift; sourceTree = "<group>"; };
		DB5BB29A2960199900F0CE1A /* ContentView.swift */ = {isa = PBXFileReference; lastKnownFileType = sourcecode.swift; path = ContentView.swift; sourceTree = "<group>"; };
		DB5BB29C2960199A00F0CE1A /* Assets.xcassets */ = {isa = PBXFileReference; lastKnownFileType = folder.assetcatalog; path = Assets.xcassets; sourceTree = "<group>"; };
		DB5BB29F2960199A00F0CE1A /* Preview Assets.xcassets */ = {isa = PBXFileReference; lastKnownFileType = folder.assetcatalog; path = "Preview Assets.xcassets"; sourceTree = "<group>"; };
		DB5BB2A729601F5500F0CE1A /* DalseoDarling.otf */ = {isa = PBXFileReference; lastKnownFileType = file; name = DalseoDarling.otf; path = ../../../../../Downloads/font_otf/DalseoDarling.otf; sourceTree = "<group>"; };
		DB5BB2A9296022A100F0CE1A /* Ex03-Text-Info.plist */ = {isa = PBXFileReference; lastKnownFileType = text.plist; path = "Ex03-Text-Info.plist"; sourceTree = SOURCE_ROOT; };
		DB5BB2AC296024BC00F0CE1A /* CookieRun Regular.otf */ = {isa = PBXFileReference; lastKnownFileType = file; name = "CookieRun Regular.otf"; path = "../../../../../Downloads/CookieRunFont_OTF/CookieRun Regular.otf"; sourceTree = "<group>"; };
/* End PBXFileReference section */

/* Begin PBXFrameworksBuildPhase section */
		DB5BB2922960199900F0CE1A /* Frameworks */ = {
			isa = PBXFrameworksBuildPhase;
			buildActionMask = 2147483647;
			files = (
			);
			runOnlyForDeploymentPostprocessing = 0;
		};
/* End PBXFrameworksBuildPhase section */

/* Begin PBXGroup section */
		DB5BB28C2960199900F0CE1A = {
			isa = PBXGroup;
			children = (
				DB5BB2972960199900F0CE1A /* Ex03_Text */,
				DB5BB2962960199900F0CE1A /* Products */,
			);
			sourceTree = "<group>";
		};
		DB5BB2962960199900F0CE1A /* Products */ = {
			isa = PBXGroup;
			children = (
				DB5BB2952960199900F0CE1A /* Ex03_Text.app */,
			);
			name = Products;
			sourceTree = "<group>";
		};
		DB5BB2972960199900F0CE1A /* Ex03_Text */ = {
			isa = PBXGroup;
			children = (
				DB5BB2A9296022A100F0CE1A /* Ex03-Text-Info.plist */,
				DB5BB2A629601EE500F0CE1A /* Font */,
				DB5BB2982960199900F0CE1A /* Ex03_TextApp.swift */,
				DB5BB29A2960199900F0CE1A /* ContentView.swift */,
				DB5BB29C2960199A00F0CE1A /* Assets.xcassets */,
				DB5BB29E2960199A00F0CE1A /* Preview Content */,
			);
			path = Ex03_Text;
			sourceTree = "<group>";
		};
		DB5BB29E2960199A00F0CE1A /* Preview Content */ = {
			isa = PBXGroup;
			children = (
				DB5BB29F2960199A00F0CE1A /* Preview Assets.xcassets */,
			);
			path = "Preview Content";
			sourceTree = "<group>";
		};
		DB5BB2A629601EE500F0CE1A /* Font */ = {
			isa = PBXGroup;
			children = (
				DB5BB2AC296024BC00F0CE1A /* CookieRun Regular.otf */,
				DB5BB2A729601F5500F0CE1A /* DalseoDarling.otf */,
			);
			path = Font;
			sourceTree = "<group>";
		};
/* End PBXGroup section */

/* Begin PBXNativeTarget section */
		DB5BB2942960199900F0CE1A /* Ex03_Text */ = {
			isa = PBXNativeTarget;
			buildConfigurationList = DB5BB2A32960199A00F0CE1A /* Build configuration list for PBXNativeTarget "Ex03_Text" */;
			buildPhases = (
				DB5BB2912960199900F0CE1A /* Sources */,
				DB5BB2922960199900F0CE1A /* Frameworks */,
				DB5BB2932960199900F0CE1A /* Resources */,
			);
			buildRules = (
			);
			dependencies = (
			);
			name = Ex03_Text;
			productName = Ex03_Text;
			productReference = DB5BB2952960199900F0CE1A /* Ex03_Text.app */;
			productType = "com.apple.product-type.application";
		};
/* End PBXNativeTarget section */

/* Begin PBXProject section */
		DB5BB28D2960199900F0CE1A /* Project object */ = {
			isa = PBXProject;
			attributes = {
				BuildIndependentTargetsInParallel = 1;
				LastSwiftUpdateCheck = 1420;
				LastUpgradeCheck = 1420;
				TargetAttributes = {
					DB5BB2942960199900F0CE1A = {
						CreatedOnToolsVersion = 14.2;
					};
				};
			};
			buildConfigurationList = DB5BB2902960199900F0CE1A /* Build configuration list for PBXProject "Ex03_Text" */;
			compatibilityVersion = "Xcode 14.0";
			developmentRegion = en;
			hasScannedForEncodings = 0;
			knownRegions = (
				en,
				Base,
			);
			mainGroup = DB5BB28C2960199900F0CE1A;
			productRefGroup = DB5BB2962960199900F0CE1A /* Products */;
			projectDirPath = "";
			projectRoot = "";
			targets = (
				DB5BB2942960199900F0CE1A /* Ex03_Text */,
			);
		};
/* End PBXProject section */

/* Begin PBXResourcesBuildPhase section */
		DB5BB2932960199900F0CE1A /* Resources */ = {
			isa = PBXResourcesBuildPhase;
			buildActionMask = 2147483647;
			files = (
				DB5BB2A02960199A00F0CE1A /* Preview Assets.xcassets in Resources */,
				DB5BB2AD296024BC00F0CE1A /* CookieRun Regular.otf in Resources */,
				DB5BB29D2960199A00F0CE1A /* Assets.xcassets in Resources */,
				DB5BB2A829601F5500F0CE1A /* DalseoDarling.otf in Resources */,
			);
			runOnlyForDeploymentPostprocessing = 0;
		};
/* End PBXResourcesBuildPhase section */

/* Begin PBXSourcesBuildPhase section */
		DB5BB2912960199900F0CE1A /* Sources */ = {
			isa = PBXSourcesBuildPhase;
			buildActionMask = 2147483647;
			files = (
				DB5BB29B2960199900F0CE1A /* ContentView.swift in Sources */,
				DB5BB2992960199900F0CE1A /* Ex03_TextApp.swift in Sources */,
			);
			runOnlyForDeploymentPostprocessing = 0;
		};
/* End PBXSourcesBuildPhase section */

/* Begin XCBuildConfiguration section */
		DB5BB2A12960199A00F0CE1A /* Debug */ = {
			isa = XCBuildConfiguration;
			buildSettings = {
				ALWAYS_SEARCH_USER_PATHS = NO;
				CLANG_ANALYZER_NONNULL = YES;
				CLANG_ANALYZER_NUMBER_OBJECT_CONVERSION = YES_AGGRESSIVE;
				CLANG_CXX_LANGUAGE_STANDARD = "gnu++20";
				CLANG_ENABLE_MODULES = YES;
				CLANG_ENABLE_OBJC_ARC = YES;
				CLANG_ENABLE_OBJC_WEAK = YES;
				CLANG_WARN_BLOCK_CAPTURE_AUTORELEASING = YES;
				CLANG_WARN_BOOL_CONVERSION = YES;
				CLANG_WARN_COMMA = YES;
				CLANG_WARN_CONSTANT_CONVERSION = YES;
				CLANG_WARN_DEPRECATED_OBJC_IMPLEMENTATIONS = YES;
				CLANG_WARN_DIRECT_OBJC_ISA_USAGE = YES_ERROR;
				CLANG_WARN_DOCUMENTATION_COMMENTS = YES;
				CLANG_WARN_EMPTY_BODY = YES;
				CLANG_WARN_ENUM_CONVERSION = YES;
				CLANG_WARN_INFINITE_RECURSION = YES;
				CLANG_WARN_INT_CONVERSION = YES;
				CLANG_WARN_NON_LITERAL_NULL_CONVERSION = YES;
				CLANG_WARN_OBJC_IMPLICIT_RETAIN_SELF = YES;
				CLANG_WARN_OBJC_LITERAL_CONVERSION = YES;
				CLANG_WARN_OBJC_ROOT_CLASS = YES_ERROR;
				CLANG_WARN_QUOTED_INCLUDE_IN_FRAMEWORK_HEADER = YES;
				CLANG_WARN_RANGE_LOOP_ANALYSIS = YES;
				CLANG_WARN_STRICT_PROTOTYPES = YES;
				CLANG_WARN_SUSPICIOUS_MOVE = YES;
				CLANG_WARN_UNGUARDED_AVAILABILITY = YES_AGGRESSIVE;
				CLANG_WARN_UNREACHABLE_CODE = YES;
				CLANG_WARN__DUPLICATE_METHOD_MATCH = YES;
				COPY_PHASE_STRIP = NO;
				DEBUG_INFORMATION_FORMAT = dwarf;
				ENABLE_STRICT_OBJC_MSGSEND = YES;
				ENABLE_TESTABILITY = YES;
				GCC_C_LANGUAGE_STANDARD = gnu11;
				GCC_DYNAMIC_NO_PIC = NO;
				GCC_NO_COMMON_BLOCKS = YES;
				GCC_OPTIMIZATION_LEVEL = 0;
				GCC_PREPROCESSOR_DEFINITIONS = (
					"DEBUG=1",
					"$(inherited)",
				);
				GCC_WARN_64_TO_32_BIT_CONVERSION = YES;
				GCC_WARN_ABOUT_RETURN_TYPE = YES_ERROR;
				GCC_WARN_UNDECLARED_SELECTOR = YES;
				GCC_WARN_UNINITIALIZED_AUTOS = YES_AGGRESSIVE;
				GCC_WARN_UNUSED_FUNCTION = YES;
				GCC_WARN_UNUSED_VARIABLE = YES;
				IPHONEOS_DEPLOYMENT_TARGET = 16.2;
				MTL_ENABLE_DEBUG_INFO = INCLUDE_SOURCE;
				MTL_FAST_MATH = YES;
				ONLY_ACTIVE_ARCH = YES;
				SDKROOT = iphoneos;
				SWIFT_ACTIVE_COMPILATION_CONDITIONS = DEBUG;
				SWIFT_OPTIMIZATION_LEVEL = "-Onone";
			};
			name = Debug;
		};
		DB5BB2A22960199A00F0CE1A /* Release */ = {
			isa = XCBuildConfiguration;
			buildSettings = {
				ALWAYS_SEARCH_USER_PATHS = NO;
				CLANG_ANALYZER_NONNULL = YES;
				CLANG_ANALYZER_NUMBER_OBJECT_CONVERSION = YES_AGGRESSIVE;
				CLANG_CXX_LANGUAGE_STANDARD = "gnu++20";
				CLANG_ENABLE_MODULES = YES;
				CLANG_ENABLE_OBJC_ARC = YES;
				CLANG_ENABLE_OBJC_WEAK = YES;
				CLANG_WARN_BLOCK_CAPTURE_AUTORELEASING = YES;
				CLANG_WARN_BOOL_CONVERSION = YES;
				CLANG_WARN_COMMA = YES;
				CLANG_WARN_CONSTANT_CONVERSION = YES;
				CLANG_WARN_DEPRECATED_OBJC_IMPLEMENTATIONS = YES;
				CLANG_WARN_DIRECT_OBJC_ISA_USAGE = YES_ERROR;
				CLANG_WARN_DOCUMENTATION_COMMENTS = YES;
				CLANG_WARN_EMPTY_BODY = YES;
				CLANG_WARN_ENUM_CONVERSION = YES;
				CLANG_WARN_INFINITE_RECURSION = YES;
				CLANG_WARN_INT_CONVERSION = YES;
				CLANG_WARN_NON_LITERAL_NULL_CONVERSION = YES;
				CLANG_WARN_OBJC_IMPLICIT_RETAIN_SELF = YES;
				CLANG_WARN_OBJC_LITERAL_CONVERSION = YES;
				CLANG_WARN_OBJC_ROOT_CLASS = YES_ERROR;
				CLANG_WARN_QUOTED_INCLUDE_IN_FRAMEWORK_HEADER = YES;
				CLANG_WARN_RANGE_LOOP_ANALYSIS = YES;
				CLANG_WARN_STRICT_PROTOTYPES = YES;
				CLANG_WARN_SUSPICIOUS_MOVE = YES;
				CLANG_WARN_UNGUARDED_AVAILABILITY = YES_AGGRESSIVE;
				CLANG_WARN_UNREACHABLE_CODE = YES;
				CLANG_WARN__DUPLICATE_METHOD_MATCH = YES;
				COPY_PHASE_STRIP = NO;
				DEBUG_INFORMATION_FORMAT = "dwarf-with-dsym";
				ENABLE_NS_ASSERTIONS = NO;
				ENABLE_STRICT_OBJC_MSGSEND = YES;
				GCC_C_LANGUAGE_STANDARD = gnu11;
				GCC_NO_COMMON_BLOCKS = YES;
				GCC_WARN_64_TO_32_BIT_CONVERSION = YES;
				GCC_WARN_ABOUT_RETURN_TYPE = YES_ERROR;
				GCC_WARN_UNDECLARED_SELECTOR = YES;
				GCC_WARN_UNINITIALIZED_AUTOS = YES_AGGRESSIVE;
				GCC_WARN_UNUSED_FUNCTION = YES;
				GCC_WARN_UNUSED_VARIABLE = YES;
				IPHONEOS_DEPLOYMENT_TARGET = 16.2;
				MTL_ENABLE_DEBUG_INFO = NO;
				MTL_FAST_MATH = YES;
				SDKROOT = iphoneos;
				SWIFT_COMPILATION_MODE = wholemodule;
				SWIFT_OPTIMIZATION_LEVEL = "-O";
				VALIDATE_PRODUCT = YES;
			};
			name = Release;
		};
		DB5BB2A42960199A00F0CE1A /* Debug */ = {
			isa = XCBuildConfiguration;
			buildSettings = {
				ASSETCATALOG_COMPILER_APPICON_NAME = AppIcon;
				ASSETCATALOG_COMPILER_GLOBAL_ACCENT_COLOR_NAME = AccentColor;
				CODE_SIGN_STYLE = Automatic;
				CURRENT_PROJECT_VERSION = 1;
				DEVELOPMENT_ASSET_PATHS = "\"Ex03_Text/Preview Content\"";
				ENABLE_PREVIEWS = YES;
				GENERATE_INFOPLIST_FILE = YES;
				INFOPLIST_FILE = "Ex03-Text-Info.plist";
				INFOPLIST_KEY_UIApplicationSceneManifest_Generation = YES;
				INFOPLIST_KEY_UIApplicationSupportsIndirectInputEvents = YES;
				INFOPLIST_KEY_UILaunchScreen_Generation = YES;
				INFOPLIST_KEY_UISupportedInterfaceOrientations_iPad = "UIInterfaceOrientationPortrait UIInterfaceOrientationPortraitUpsideDown UIInterfaceOrientationLandscapeLeft UIInterfaceOrientationLandscapeRight";
				INFOPLIST_KEY_UISupportedInterfaceOrientations_iPhone = "UIInterfaceOrientationPortrait UIInterfaceOrientationLandscapeLeft UIInterfaceOrientationLandscapeRight";
				LD_RUNPATH_SEARCH_PATHS = (
					"$(inherited)",
					"@executable_path/Frameworks",
				);
				MARKETING_VERSION = 1.0;
				PRODUCT_BUNDLE_IDENTIFIER = "angwoo.Ex03-Text";
				PRODUCT_NAME = "$(TARGET_NAME)";
				SWIFT_EMIT_LOC_STRINGS = YES;
				SWIFT_VERSION = 5.0;
				TARGETED_DEVICE_FAMILY = "1,2";
			};
			name = Debug;
		};
		DB5BB2A52960199A00F0CE1A /* Release */ = {
			isa = XCBuildConfiguration;
			buildSettings = {
				ASSETCATALOG_COMPILER_APPICON_NAME = AppIcon;
				ASSETCATALOG_COMPILER_GLOBAL_ACCENT_COLOR_NAME = AccentColor;
				CODE_SIGN_STYLE = Automatic;
				CURRENT_PROJECT_VERSION = 1;
				DEVELOPMENT_ASSET_PATHS = "\"Ex03_Text/Preview Content\"";
				ENABLE_PREVIEWS = YES;
				GENERATE_INFOPLIST_FILE = YES;
				INFOPLIST_FILE = "Ex03-Text-Info.plist";
				INFOPLIST_KEY_UIApplicationSceneManifest_Generation = YES;
				INFOPLIST_KEY_UIApplicationSupportsIndirectInputEvents = YES;
				INFOPLIST_KEY_UILaunchScreen_Generation = YES;
				INFOPLIST_KEY_UISupportedInterfaceOrientations_iPad = "UIInterfaceOrientationPortrait UIInterfaceOrientationPortraitUpsideDown UIInterfaceOrientationLandscapeLeft UIInterfaceOrientationLandscapeRight";
				INFOPLIST_KEY_UISupportedInterfaceOrientations_iPhone = "UIInterfaceOrientationPortrait UIInterfaceOrientationLandscapeLeft UIInterfaceOrientationLandscapeRight";
				LD_RUNPATH_SEARCH_PATHS = (
					"$(inherited)",
					"@executable_path/Frameworks",
				);
				MARKETING_VERSION = 1.0;
				PRODUCT_BUNDLE_IDENTIFIER = "angwoo.Ex03-Text";
				PRODUCT_NAME = "$(TARGET_NAME)";
				SWIFT_EMIT_LOC_STRINGS = YES;
				SWIFT_VERSION = 5.0;
				TARGETED_DEVICE_FAMILY = "1,2";
			};
			name = Release;
		};
/* End XCBuildConfiguration section */

/* Begin XCConfigurationList section */
		DB5BB2902960199900F0CE1A /* Build configuration list for PBXProject "Ex03_Text" */ = {
			isa = XCConfigurationList;
			buildConfigurations = (
				DB5BB2A12960199A00F0CE1A /* Debug */,
				DB5BB2A22960199A00F0CE1A /* Release */,
			);
			defaultConfigurationIsVisible = 0;
			defaultConfigurationName = Release;
		};
		DB5BB2A32960199A00F0CE1A /* Build configuration list for PBXNativeTarget "Ex03_Text" */ = {
			isa = XCConfigurationList;
			buildConfigurations = (
				DB5BB2A42960199A00F0CE1A /* Debug */,
				DB5BB2A52960199A00F0CE1A /* Release */,
			);
			defaultConfigurationIsVisible = 0;
			defaultConfigurationName = Release;
		};
/* End XCConfigurationList section */
	};
	rootObject = DB5BB28D2960199900F0CE1A /* Project object */;
}
